// !$*UTF8*$!
{
	archiveVersion = 1;
	classes = {
	};
	objectVersion = 46;
	objects = {

/* Begin PBXBuildFile section */
		023421731506BA930075260F /* formulas.m in Sources */ = {isa = PBXBuildFile; fileRef = 023421721506BA930075260F /* formulas.m */; };
		02622C6A1505253B003727E1 /* HeatStressTableImageViewController.m in Sources */ = {isa = PBXBuildFile; fileRef = 02622C691505253B003727E1 /* HeatStressTableImageViewController.m */; };
		02622C761505356D003727E1 /* ConversionManager.m in Sources */ = {isa = PBXBuildFile; fileRef = 02622C751505356D003727E1 /* ConversionManager.m */; };
		02622C79150535A0003727E1 /* ConversionListViewController.m in Sources */ = {isa = PBXBuildFile; fileRef = 02622C78150535A0003727E1 /* ConversionListViewController.m */; };
		02838EA7150E50940080CC57 /* FiveVariableViewController.m in Sources */ = {isa = PBXBuildFile; fileRef = 02838EA6150E50940080CC57 /* FiveVariableViewController.m */; };
		02DF6E4714FD78AF0016ABD6 /* TwoVariableViewController.m in Sources */ = {isa = PBXBuildFile; fileRef = 02DF6E4614FD78AF0016ABD6 /* TwoVariableViewController.m */; };
		02DF6E4A14FD798C0016ABD6 /* FourVariableViewController.m in Sources */ = {isa = PBXBuildFile; fileRef = 02DF6E4914FD798C0016ABD6 /* FourVariableViewController.m */; };
		02F8301B14FBD83200A240EE /* UIKit.framework in Frameworks */ = {isa = PBXBuildFile; fileRef = 02F8301A14FBD83200A240EE /* UIKit.framework */; };
		02F8301D14FBD83200A240EE /* Foundation.framework in Frameworks */ = {isa = PBXBuildFile; fileRef = 02F8301C14FBD83200A240EE /* Foundation.framework */; };
		02F8301F14FBD83200A240EE /* CoreGraphics.framework in Frameworks */ = {isa = PBXBuildFile; fileRef = 02F8301E14FBD83200A240EE /* CoreGraphics.framework */; };
		02F8302514FBD83200A240EE /* InfoPlist.strings in Resources */ = {isa = PBXBuildFile; fileRef = 02F8302314FBD83200A240EE /* InfoPlist.strings */; };
		02F8302714FBD83200A240EE /* main.m in Sources */ = {isa = PBXBuildFile; fileRef = 02F8302614FBD83200A240EE /* main.m */; };
		02F8302B14FBD83200A240EE /* AIHAAppDelegate.m in Sources */ = {isa = PBXBuildFile; fileRef = 02F8302A14FBD83200A240EE /* AIHAAppDelegate.m */; };
		02F8302E14FBD83200A240EE /* MainStoryboard.storyboard in Resources */ = {isa = PBXBuildFile; fileRef = 02F8302C14FBD83200A240EE /* MainStoryboard.storyboard */; };
		02F8303114FBD83200A240EE /* AIHAViewController.m in Sources */ = {isa = PBXBuildFile; fileRef = 02F8303014FBD83200A240EE /* AIHAViewController.m */; };
		02F8303E14FBD8BE00A240EE /* HeatStressListViewController.m in Sources */ = {isa = PBXBuildFile; fileRef = 02F8303D14FBD8BE00A240EE /* HeatStressListViewController.m */; };
		02F8304414FBD96C00A240EE /* AIHA_Final.jpg in Resources */ = {isa = PBXBuildFile; fileRef = 02F8304314FBD96C00A240EE /* AIHA_Final.jpg */; };
		02F8304614FBDA3700A240EE /* HeatStress.plist in Resources */ = {isa = PBXBuildFile; fileRef = 02F8304514FBDA3700A240EE /* HeatStress.plist */; };
		02F8304D14FBDBE900A240EE /* HeatStressManager.m in Sources */ = {isa = PBXBuildFile; fileRef = 02F8304C14FBDBE900A240EE /* HeatStressManager.m */; };
		02F8305014FBDF1100A240EE /* ThreeVariableViewController.m in Sources */ = {isa = PBXBuildFile; fileRef = 02F8304F14FBDF1100A240EE /* ThreeVariableViewController.m */; };
		0F15D557150020BC009E11EC /* NoiseEquations.plist in Resources */ = {isa = PBXBuildFile; fileRef = 0F15D556150020BC009E11EC /* NoiseEquations.plist */; };
		0F2E9B1815003DC700A4FB1D /* NoiseManager.m in Sources */ = {isa = PBXBuildFile; fileRef = 0F2E9B1715003DC700A4FB1D /* NoiseManager.m */; };
		0F2E9B1B15003FAC00A4FB1D /* NoiseListViewController.m in Sources */ = {isa = PBXBuildFile; fileRef = 0F2E9B1A15003FAC00A4FB1D /* NoiseListViewController.m */; };
		0F2E9B1E15004DFD00A4FB1D /* ExposureManager.m in Sources */ = {isa = PBXBuildFile; fileRef = 0F2E9B1D15004DFD00A4FB1D /* ExposureManager.m */; };
		0F2E9B2115004E1800A4FB1D /* ExposureListViewController.m in Sources */ = {isa = PBXBuildFile; fileRef = 0F2E9B2015004E1800A4FB1D /* ExposureListViewController.m */; };
		0F2E9B2315004E3700A4FB1D /* ExposureList.plist in Resources */ = {isa = PBXBuildFile; fileRef = 0F2E9B2215004E3700A4FB1D /* ExposureList.plist */; };
		0F377032150FEEBA00192044 /* UIView+FindFirstResponder.m in Sources */ = {isa = PBXBuildFile; fileRef = 0F377031150FEEBA00192044 /* UIView+FindFirstResponder.m */; };
		0F37705E150FF4D300192044 /* AIHA.png in Resources */ = {isa = PBXBuildFile; fileRef = 0F37705D150FF4D300192044 /* AIHA.png */; };
		0F65F10915095B050028A6D7 /* OneVariableViewController.m in Sources */ = {isa = PBXBuildFile; fileRef = 0F65F10815095B050028A6D7 /* OneVariableViewController.m */; };
		0F704A5B150979370055CC32 /* CategoryManager.m in Sources */ = {isa = PBXBuildFile; fileRef = 0F704A5A150979370055CC32 /* CategoryManager.m */; };
		220173DC1612BAB1001F32CC /* AIHAlogo_iPad.png in Resources */ = {isa = PBXBuildFile; fileRef = 220173DB1612BAB1001F32CC /* AIHAlogo_iPad.png */; };
		225442C1157DA6D100633E94 /* OELmix.png in Resources */ = {isa = PBXBuildFile; fileRef = 225442BF157DA6D100633E94 /* OELmix.png */; };
		225442C2157DA6D100633E94 /* OELmix@2x.png in Resources */ = {isa = PBXBuildFile; fileRef = 225442C0157DA6D100633E94 /* OELmix@2x.png */; };
		225442C4157DA90100633E94 /* From ppm.png in Resources */ = {isa = PBXBuildFile; fileRef = 225442C3157DA90100633E94 /* From ppm.png */; };
		225442C6157DA90A00633E94 /* From ppm@2x.png in Resources */ = {isa = PBXBuildFile; fileRef = 225442C5157DA90A00633E94 /* From ppm@2x.png */; };
		225442CB157DAA7200633E94 /* convertOEL 1.png in Resources */ = {isa = PBXBuildFile; fileRef = 225442C7157DAA7200633E94 /* convertOEL 1.png */; };
		225442CC157DAA7200633E94 /* convertOEL 1@2x.png in Resources */ = {isa = PBXBuildFile; fileRef = 225442C8157DAA7200633E94 /* convertOEL 1@2x.png */; };
		225442CD157DAA7200633E94 /* convertOEL 2.png in Resources */ = {isa = PBXBuildFile; fileRef = 225442C9157DAA7200633E94 /* convertOEL 2.png */; };
		225442CE157DAA7200633E94 /* convertOEL 2@2x.png in Resources */ = {isa = PBXBuildFile; fileRef = 225442CA157DAA7200633E94 /* convertOEL 2@2x.png */; };
		228708D115587FC9000C3888 /* formula.png in Resources */ = {isa = PBXBuildFile; fileRef = 228708D015587FC9000C3888 /* formula.png */; };
		228708D415588A31000C3888 /* conversion.png in Resources */ = {isa = PBXBuildFile; fileRef = 228708D315588A31000C3888 /* conversion.png */; };
		22B8B031152ADA9700BF1D20 /* 85dBA reached.png in Resources */ = {isa = PBXBuildFile; fileRef = 22B8B013152ADA9700BF1D20 /* 85dBA reached.png */; };
		22B8B032152ADA9700BF1D20 /* AddingSoundPressure.png in Resources */ = {isa = PBXBuildFile; fileRef = 22B8B014152ADA9700BF1D20 /* AddingSoundPressure.png */; };
		22B8B034152ADA9700BF1D20 /* AllowableExposureTime.png in Resources */ = {isa = PBXBuildFile; fileRef = 22B8B016152ADA9700BF1D20 /* AllowableExposureTime.png */; };
		22B8B035152ADA9700BF1D20 /* Area of circle.png in Resources */ = {isa = PBXBuildFile; fileRef = 22B8B017152ADA9700BF1D20 /* Area of circle.png */; };
		22B8B036152ADA9700BF1D20 /* calcButton2.png in Resources */ = {isa = PBXBuildFile; fileRef = 22B8B018152ADA9700BF1D20 /* calcButton2.png */; };
		22B8B037152ADA9700BF1D20 /* clearButton2.png in Resources */ = {isa = PBXBuildFile; fileRef = 22B8B019152ADA9700BF1D20 /* clearButton2.png */; };
		22B8B038152ADA9700BF1D20 /* dilutionToControlEvaporation.png in Resources */ = {isa = PBXBuildFile; fileRef = 22B8B01A152ADA9700BF1D20 /* dilutionToControlEvaporation.png */; };
		22B8B039152ADA9700BF1D20 /* dilutionVentilation.png in Resources */ = {isa = PBXBuildFile; fileRef = 22B8B01B152ADA9700BF1D20 /* dilutionVentilation.png */; };
		22B8B03A152ADA9700BF1D20 /* fanLaws.png in Resources */ = {isa = PBXBuildFile; fileRef = 22B8B01C152ADA9700BF1D20 /* fanLaws.png */; };
		22B8B03B152ADA9700BF1D20 /* fanLaws2.png in Resources */ = {isa = PBXBuildFile; fileRef = 22B8B01D152ADA9700BF1D20 /* fanLaws2.png */; };
		22B8B03C152ADA9700BF1D20 /* fanTotalPressure.png in Resources */ = {isa = PBXBuildFile; fileRef = 22B8B01E152ADA9700BF1D20 /* fanTotalPressure.png */; };
		22B8B03D152ADA9700BF1D20 /* Flow rate adjustment.png in Resources */ = {isa = PBXBuildFile; fileRef = 22B8B01F152ADA9700BF1D20 /* Flow rate adjustment.png */; };
		22B8B03F152ADA9700BF1D20 /* HoodStaticPressure.png in Resources */ = {isa = PBXBuildFile; fileRef = 22B8B021152ADA9700BF1D20 /* HoodStaticPressure.png */; };
		22B8B040152ADA9700BF1D20 /* Inverse Square Law.png in Resources */ = {isa = PBXBuildFile; fileRef = 22B8B022152ADA9700BF1D20 /* Inverse Square Law.png */; };
		22B8B042152ADA9700BF1D20 /* PEL(Respirable Fraction).png in Resources */ = {isa = PBXBuildFile; fileRef = 22B8B024152ADA9700BF1D20 /* PEL(Respirable Fraction).png */; };
		22B8B043152ADA9700BF1D20 /* PEL(Total Dust).png in Resources */ = {isa = PBXBuildFile; fileRef = 22B8B025152ADA9700BF1D20 /* PEL(Total Dust).png */; };
		22B8B044152ADA9700BF1D20 /* resultBar.png in Resources */ = {isa = PBXBuildFile; fileRef = 22B8B026152ADA9700BF1D20 /* resultBar.png */; };
		22B8B045152ADA9700BF1D20 /* Room Air changes per hour.png in Resources */ = {isa = PBXBuildFile; fileRef = 22B8B027152ADA9700BF1D20 /* Room Air changes per hour.png */; };
		22B8B048152ADA9700BF1D20 /* Total Pressure.png in Resources */ = {isa = PBXBuildFile; fileRef = 22B8B02A152ADA9700BF1D20 /* Total Pressure.png */; };
		22B8B049152ADA9700BF1D20 /* TWA from %Dose.png in Resources */ = {isa = PBXBuildFile; fileRef = 22B8B02B152ADA9700BF1D20 /* TWA from %Dose.png */; };
		22B8B04A152ADA9700BF1D20 /* TWA.png in Resources */ = {isa = PBXBuildFile; fileRef = 22B8B02C152ADA9700BF1D20 /* TWA.png */; };
		22B8B04B152ADA9700BF1D20 /* velocity.png in Resources */ = {isa = PBXBuildFile; fileRef = 22B8B02D152ADA9700BF1D20 /* velocity.png */; };
		22B8B04C152ADA9700BF1D20 /* Volume of Displaced Air.png in Resources */ = {isa = PBXBuildFile; fileRef = 22B8B02E152ADA9700BF1D20 /* Volume of Displaced Air.png */; };
		22B8B04D152ADA9700BF1D20 /* WBGT_Indoor.png in Resources */ = {isa = PBXBuildFile; fileRef = 22B8B02F152ADA9700BF1D20 /* WBGT_Indoor.png */; };
		22B8B04E152ADA9700BF1D20 /* WBGT_Outdoor.png in Resources */ = {isa = PBXBuildFile; fileRef = 22B8B030152ADA9700BF1D20 /* WBGT_Outdoor.png */; };
		22C042E8155DC39C00D6E9A4 /* AIHAretina.png in Resources */ = {isa = PBXBuildFile; fileRef = 22C042E7155DC39C00D6E9A4 /* AIHAretina.png */; };
		22C536B81525671B00886CEA /* Ventilation.plist in Resources */ = {isa = PBXBuildFile; fileRef = 22C536B71525671B00886CEA /* Ventilation.plist */; };
		22CAE47E152FB52800C5E6B7 /* logos.png in Resources */ = {isa = PBXBuildFile; fileRef = 22CAE47D152FB52800C5E6B7 /* logos.png */; };
		2C0AE3AF15FFC83B00641451 /* iPad_Storyboard.storyboard in Resources */ = {isa = PBXBuildFile; fileRef = 2C0AE3AE15FFC83B00641451 /* iPad_Storyboard.storyboard */; };
		321898CE152A3E4B00D4A6AE /* FlowRate.plist in Resources */ = {isa = PBXBuildFile; fileRef = 321898CD152A3E4B00D4A6AE /* FlowRate.plist */; };
		321898D1152A3E7200D4A6AE /* Concentration.plist in Resources */ = {isa = PBXBuildFile; fileRef = 321898D0152A3E7200D4A6AE /* Concentration.plist */; };
		321898D8152A3EAC00D4A6AE /* Constants.plist in Resources */ = {isa = PBXBuildFile; fileRef = 321898D7152A3EAC00D4A6AE /* Constants.plist */; };
		321898E2152A3F9800D4A6AE /* TLV.plist in Resources */ = {isa = PBXBuildFile; fileRef = 321898E1152A3F9800D4A6AE /* TLV.plist */; };
		326B00BD152A546C0084A11C /* TLVViewController.m in Sources */ = {isa = PBXBuildFile; fileRef = 326B00BC152A546C0084A11C /* TLVViewController.m */; };
		326B00C0152A55E70084A11C /* ConstantsViewController.m in Sources */ = {isa = PBXBuildFile; fileRef = 326B00BF152A55E70084A11C /* ConstantsViewController.m */; };
		326B00C3152A56910084A11C /* ConstantsManager.m in Sources */ = {isa = PBXBuildFile; fileRef = 326B00C2152A56910084A11C /* ConstantsManager.m */; };
		326B00C6152A57420084A11C /* FlowRateManager.m in Sources */ = {isa = PBXBuildFile; fileRef = 326B00C5152A57420084A11C /* FlowRateManager.m */; };
		326B00C9152A57860084A11C /* FlowRateViewController.m in Sources */ = {isa = PBXBuildFile; fileRef = 326B00C8152A57860084A11C /* FlowRateViewController.m */; };
		326B00CC152A57D70084A11C /* ConcentrationViewController.m in Sources */ = {isa = PBXBuildFile; fileRef = 326B00CB152A57D60084A11C /* ConcentrationViewController.m */; };
		326B00CF152A58170084A11C /* ConcentrationManager.m in Sources */ = {isa = PBXBuildFile; fileRef = 326B00CE152A58170084A11C /* ConcentrationManager.m */; };
		32BCE4B71504809A002F1C52 /* VentilationListViewController.m in Sources */ = {isa = PBXBuildFile; fileRef = 32BCE4B61504809A002F1C52 /* VentilationListViewController.m */; };
		32BCE4BA1504812E002F1C52 /* VentilationManager.m in Sources */ = {isa = PBXBuildFile; fileRef = 32BCE4B91504812E002F1C52 /* VentilationManager.m */; };
		32E19060152A4A390040F800 /* TlvManager.m in Sources */ = {isa = PBXBuildFile; fileRef = 32E1905F152A4A390040F800 /* TlvManager.m */; };
		8EC7AABC1522BB5800DAFABA /* HeatExposureTable.png in Resources */ = {isa = PBXBuildFile; fileRef = 8EC7AABB1522BB5800DAFABA /* HeatExposureTable.png */; };
		95A739981544E00E00AE7E4E /* AIHAlogo.png in Resources */ = {isa = PBXBuildFile; fileRef = 95A739851544E00E00AE7E4E /* AIHAlogo.png */; };
		95A739991544E00E00AE7E4E /* AIHAlogo@2x.png in Resources */ = {isa = PBXBuildFile; fileRef = 95A739861544E00E00AE7E4E /* AIHAlogo@2x.png */; };
		95A7399A1544E00E00AE7E4E /* calculate.png in Resources */ = {isa = PBXBuildFile; fileRef = 95A739871544E00E00AE7E4E /* calculate.png */; };
		95A7399B1544E00E00AE7E4E /* calculate@2x.png in Resources */ = {isa = PBXBuildFile; fileRef = 95A739881544E00E00AE7E4E /* calculate@2x.png */; };
		95A7399C1544E00E00AE7E4E /* clear.png in Resources */ = {isa = PBXBuildFile; fileRef = 95A739891544E00E00AE7E4E /* clear.png */; };
		95A7399D1544E00E00AE7E4E /* clear@2x.png in Resources */ = {isa = PBXBuildFile; fileRef = 95A7398A1544E00E00AE7E4E /* clear@2x.png */; };
		95A739A21544E00E00AE7E4E /* flow rate 1.png in Resources */ = {isa = PBXBuildFile; fileRef = 95A7398F1544E00E00AE7E4E /* flow rate 1.png */; };
		95A739A31544E00E00AE7E4E /* flow rate 1@2x.png in Resources */ = {isa = PBXBuildFile; fileRef = 95A739901544E00E00AE7E4E /* flow rate 1@2x.png */; };
		95A739A41544E00E00AE7E4E /* flow rate 2.png in Resources */ = {isa = PBXBuildFile; fileRef = 95A739911544E00E00AE7E4E /* flow rate 2.png */; };
		95A739A51544E00E00AE7E4E /* flow rate 2@2x.png in Resources */ = {isa = PBXBuildFile; fileRef = 95A739921544E00E00AE7E4E /* flow rate 2@2x.png */; };
		95A739A61544E00E00AE7E4E /* grain to gm.png in Resources */ = {isa = PBXBuildFile; fileRef = 95A739931544E00E00AE7E4E /* grain to gm.png */; };
		95A739A71544E00E00AE7E4E /* grain to gm@2x.png in Resources */ = {isa = PBXBuildFile; fileRef = 95A739941544E00E00AE7E4E /* grain to gm@2x.png */; };
		95A739A81544E00E00AE7E4E /* mppcf.png in Resources */ = {isa = PBXBuildFile; fileRef = 95A739951544E00E00AE7E4E /* mppcf.png */; };
		95A739A91544E00E00AE7E4E /* mppcf@2x.png in Resources */ = {isa = PBXBuildFile; fileRef = 95A739961544E00E00AE7E4E /* mppcf@2x.png */; };
		95A739AA1544E00E00AE7E4E /* resultBar@2x.png in Resources */ = {isa = PBXBuildFile; fileRef = 95A739971544E00E00AE7E4E /* resultBar@2x.png */; };
		95A739AD1544EB2600AE7E4E /* OSHA Table.png in Resources */ = {isa = PBXBuildFile; fileRef = 95A739AC1544EB2600AE7E4E /* OSHA Table.png */; };
		95A739AF1544EB3600AE7E4E /* OSHA Table@2x.png in Resources */ = {isa = PBXBuildFile; fileRef = 95A739AE1544EB3600AE7E4E /* OSHA Table@2x.png */; };
		95AD7045153FA089008810F0 /* Oxygen Level of Room.png in Resources */ = {isa = PBXBuildFile; fileRef = 95AD7044153FA089008810F0 /* Oxygen Level of Room.png */; };
		95AD7067153FA119008810F0 /* 85dBA reached@2x.png in Resources */ = {isa = PBXBuildFile; fileRef = 95AD7046153FA119008810F0 /* 85dBA reached@2x.png */; };
		95AD7068153FA119008810F0 /* AddingSoundPressure@2x.png in Resources */ = {isa = PBXBuildFile; fileRef = 95AD7047153FA119008810F0 /* AddingSoundPressure@2x.png */; };
		95AD7069153FA119008810F0 /* AllowableExposureTime@2x.png in Resources */ = {isa = PBXBuildFile; fileRef = 95AD7048153FA119008810F0 /* AllowableExposureTime@2x.png */; };
		95AD706A153FA119008810F0 /* Avogadros Number.png in Resources */ = {isa = PBXBuildFile; fileRef = 95AD7049153FA119008810F0 /* Avogadros Number.png */; };
		95AD706B153FA119008810F0 /* Avogadros Number@2x.png in Resources */ = {isa = PBXBuildFile; fileRef = 95AD704A153FA119008810F0 /* Avogadros Number@2x.png */; };
		95AD706C153FA119008810F0 /* dilutionToControlEvaporation@2x.png in Resources */ = {isa = PBXBuildFile; fileRef = 95AD704B153FA119008810F0 /* dilutionToControlEvaporation@2x.png */; };
		95AD706D153FA119008810F0 /* dilutionVentilation@2x.png in Resources */ = {isa = PBXBuildFile; fileRef = 95AD704C153FA119008810F0 /* dilutionVentilation@2x.png */; };
		95AD706E153FA119008810F0 /* fanLaws@2x.png in Resources */ = {isa = PBXBuildFile; fileRef = 95AD704D153FA119008810F0 /* fanLaws@2x.png */; };
		95AD706F153FA119008810F0 /* fanLaws2@2x.png in Resources */ = {isa = PBXBuildFile; fileRef = 95AD704E153FA119008810F0 /* fanLaws2@2x.png */; };
		95AD7070153FA119008810F0 /* fanTotalPressure@2x.png in Resources */ = {isa = PBXBuildFile; fileRef = 95AD704F153FA119008810F0 /* fanTotalPressure@2x.png */; };
		95AD7071153FA119008810F0 /* Flow rate adjustment@2x.png in Resources */ = {isa = PBXBuildFile; fileRef = 95AD7050153FA119008810F0 /* Flow rate adjustment@2x.png */; };
		95AD7073153FA119008810F0 /* HoodStaticPressure@2x.png in Resources */ = {isa = PBXBuildFile; fileRef = 95AD7052153FA119008810F0 /* HoodStaticPressure@2x.png */; };
		95AD7074153FA119008810F0 /* Inverse Square Law@2x.png in Resources */ = {isa = PBXBuildFile; fileRef = 95AD7053153FA119008810F0 /* Inverse Square Law@2x.png */; };
		95AD7075153FA119008810F0 /* Oxygen Level of Room@2x.png in Resources */ = {isa = PBXBuildFile; fileRef = 95AD7054153FA119008810F0 /* Oxygen Level of Room@2x.png */; };
		95AD7076153FA119008810F0 /* PEL(Respirable Fraction)@2x.png in Resources */ = {isa = PBXBuildFile; fileRef = 95AD7055153FA119008810F0 /* PEL(Respirable Fraction)@2x.png */; };
		95AD7077153FA119008810F0 /* PEL(Total Dust)@2x.png in Resources */ = {isa = PBXBuildFile; fileRef = 95AD7056153FA119008810F0 /* PEL(Total Dust)@2x.png */; };
		95AD7078153FA119008810F0 /* PercentDose@2x.png in Resources */ = {isa = PBXBuildFile; fileRef = 95AD7057153FA119008810F0 /* PercentDose@2x.png */; };
		95AD7079153FA119008810F0 /* Planck's Constant.png in Resources */ = {isa = PBXBuildFile; fileRef = 95AD7058153FA119008810F0 /* Planck's Constant.png */; };
		95AD707A153FA119008810F0 /* Planck's Constant@2x.png in Resources */ = {isa = PBXBuildFile; fileRef = 95AD7059153FA119008810F0 /* Planck's Constant@2x.png */; };
		95AD707B153FA119008810F0 /* Speed of Light.png in Resources */ = {isa = PBXBuildFile; fileRef = 95AD705A153FA119008810F0 /* Speed of Light.png */; };
		95AD707C153FA119008810F0 /* Speed of Light@2x.png in Resources */ = {isa = PBXBuildFile; fileRef = 95AD705B153FA119008810F0 /* Speed of Light@2x.png */; };
		95AD707D153FA119008810F0 /* Speed of Sound.png in Resources */ = {isa = PBXBuildFile; fileRef = 95AD705C153FA119008810F0 /* Speed of Sound.png */; };
		95AD707E153FA119008810F0 /* Speed of Sound@2x.png in Resources */ = {isa = PBXBuildFile; fileRef = 95AD705D153FA119008810F0 /* Speed of Sound@2x.png */; };
		95AD7081153FA119008810F0 /* Total Pressure@2x.png in Resources */ = {isa = PBXBuildFile; fileRef = 95AD7060153FA119008810F0 /* Total Pressure@2x.png */; };
		95AD7082153FA119008810F0 /* TWA from %Dose@2x.png in Resources */ = {isa = PBXBuildFile; fileRef = 95AD7061153FA119008810F0 /* TWA from %Dose@2x.png */; };
		95AD7083153FA119008810F0 /* TWA@2x.png in Resources */ = {isa = PBXBuildFile; fileRef = 95AD7062153FA119008810F0 /* TWA@2x.png */; };
		95AD7084153FA119008810F0 /* velocity@2x.png in Resources */ = {isa = PBXBuildFile; fileRef = 95AD7063153FA119008810F0 /* velocity@2x.png */; };
		95AD7085153FA119008810F0 /* Volume of Displaced Air@2x.png in Resources */ = {isa = PBXBuildFile; fileRef = 95AD7064153FA119008810F0 /* Volume of Displaced Air@2x.png */; };
		95AD7086153FA119008810F0 /* WBGT_Indoor@2x.png in Resources */ = {isa = PBXBuildFile; fileRef = 95AD7065153FA119008810F0 /* WBGT_Indoor@2x.png */; };
		95AD7087153FA119008810F0 /* WBGT_Outdoor@2x.png in Resources */ = {isa = PBXBuildFile; fileRef = 95AD7066153FA119008810F0 /* WBGT_Outdoor@2x.png */; };
		95D86E1A151ECEB5000438E8 /* AIHA_LongFinal.jpg in Resources */ = {isa = PBXBuildFile; fileRef = 95D86E19151ECEB5000438E8 /* AIHA_LongFinal.jpg */; };
/* End PBXBuildFile section */

/* Begin PBXFileReference section */
		023421721506BA930075260F /* formulas.m */ = {isa = PBXFileReference; fileEncoding = 4; lastKnownFileType = sourcecode.c.objc; path = formulas.m; sourceTree = "<group>"; };
		0254A7501507B3290069897B /* formulas.h */ = {isa = PBXFileReference; fileEncoding = 4; lastKnownFileType = sourcecode.c.h; path = formulas.h; sourceTree = "<group>"; };
		02622C681505253B003727E1 /* HeatStressTableImageViewController.h */ = {isa = PBXFileReference; fileEncoding = 4; lastKnownFileType = sourcecode.c.h; path = HeatStressTableImageViewController.h; sourceTree = "<group>"; };
		02622C691505253B003727E1 /* HeatStressTableImageViewController.m */ = {isa = PBXFileReference; fileEncoding = 4; lastKnownFileType = sourcecode.c.objc; path = HeatStressTableImageViewController.m; sourceTree = "<group>"; };
		02622C741505356D003727E1 /* ConversionManager.h */ = {isa = PBXFileReference; fileEncoding = 4; lastKnownFileType = sourcecode.c.h; path = ConversionManager.h; sourceTree = "<group>"; };
		02622C751505356D003727E1 /* ConversionManager.m */ = {isa = PBXFileReference; fileEncoding = 4; lastKnownFileType = sourcecode.c.objc; path = ConversionManager.m; sourceTree = "<group>"; };
		02622C77150535A0003727E1 /* ConversionListViewController.h */ = {isa = PBXFileReference; fileEncoding = 4; lastKnownFileType = sourcecode.c.h; path = ConversionListViewController.h; sourceTree = "<group>"; };
		02622C78150535A0003727E1 /* ConversionListViewController.m */ = {isa = PBXFileReference; fileEncoding = 4; lastKnownFileType = sourcecode.c.objc; path = ConversionListViewController.m; sourceTree = "<group>"; };
		02838EA5150E50940080CC57 /* FiveVariableViewController.h */ = {isa = PBXFileReference; fileEncoding = 4; lastKnownFileType = sourcecode.c.h; path = FiveVariableViewController.h; sourceTree = "<group>"; };
		02838EA6150E50940080CC57 /* FiveVariableViewController.m */ = {isa = PBXFileReference; fileEncoding = 4; lastKnownFileType = sourcecode.c.objc; path = FiveVariableViewController.m; sourceTree = "<group>"; };
		02DF6E4514FD78AF0016ABD6 /* TwoVariableViewController.h */ = {isa = PBXFileReference; fileEncoding = 4; lastKnownFileType = sourcecode.c.h; path = TwoVariableViewController.h; sourceTree = "<group>"; };
		02DF6E4614FD78AF0016ABD6 /* TwoVariableViewController.m */ = {isa = PBXFileReference; fileEncoding = 4; lastKnownFileType = sourcecode.c.objc; path = TwoVariableViewController.m; sourceTree = "<group>"; };
		02DF6E4814FD798C0016ABD6 /* FourVariableViewController.h */ = {isa = PBXFileReference; fileEncoding = 4; lastKnownFileType = sourcecode.c.h; path = FourVariableViewController.h; sourceTree = "<group>"; };
		02DF6E4914FD798C0016ABD6 /* FourVariableViewController.m */ = {isa = PBXFileReference; fileEncoding = 4; lastKnownFileType = sourcecode.c.objc; path = FourVariableViewController.m; sourceTree = "<group>"; };
		02F8301614FBD83200A240EE /* CalculationsAIHA.app */ = {isa = PBXFileReference; explicitFileType = wrapper.application; includeInIndex = 0; path = CalculationsAIHA.app; sourceTree = BUILT_PRODUCTS_DIR; };
		02F8301A14FBD83200A240EE /* UIKit.framework */ = {isa = PBXFileReference; lastKnownFileType = wrapper.framework; name = UIKit.framework; path = System/Library/Frameworks/UIKit.framework; sourceTree = SDKROOT; };
		02F8301C14FBD83200A240EE /* Foundation.framework */ = {isa = PBXFileReference; lastKnownFileType = wrapper.framework; name = Foundation.framework; path = System/Library/Frameworks/Foundation.framework; sourceTree = SDKROOT; };
		02F8301E14FBD83200A240EE /* CoreGraphics.framework */ = {isa = PBXFileReference; lastKnownFileType = wrapper.framework; name = CoreGraphics.framework; path = System/Library/Frameworks/CoreGraphics.framework; sourceTree = SDKROOT; };
		02F8302214FBD83200A240EE /* CalculationsAIHA-Info.plist */ = {isa = PBXFileReference; lastKnownFileType = text.plist.xml; path = "CalculationsAIHA-Info.plist"; sourceTree = "<group>"; };
		02F8302414FBD83200A240EE /* en */ = {isa = PBXFileReference; lastKnownFileType = text.plist.strings; name = en; path = en.lproj/InfoPlist.strings; sourceTree = "<group>"; };
		02F8302614FBD83200A240EE /* main.m */ = {isa = PBXFileReference; lastKnownFileType = sourcecode.c.objc; path = main.m; sourceTree = "<group>"; };
		02F8302814FBD83200A240EE /* CalculationsAIHA-Prefix.pch */ = {isa = PBXFileReference; lastKnownFileType = sourcecode.c.h; path = "CalculationsAIHA-Prefix.pch"; sourceTree = "<group>"; };
		02F8302914FBD83200A240EE /* AIHAAppDelegate.h */ = {isa = PBXFileReference; lastKnownFileType = sourcecode.c.h; path = AIHAAppDelegate.h; sourceTree = "<group>"; };
		02F8302A14FBD83200A240EE /* AIHAAppDelegate.m */ = {isa = PBXFileReference; lastKnownFileType = sourcecode.c.objc; path = AIHAAppDelegate.m; sourceTree = "<group>"; };
		02F8302D14FBD83200A240EE /* en */ = {isa = PBXFileReference; lastKnownFileType = file.storyboard; name = en; path = en.lproj/MainStoryboard.storyboard; sourceTree = "<group>"; };
		02F8302F14FBD83200A240EE /* AIHAViewController.h */ = {isa = PBXFileReference; lastKnownFileType = sourcecode.c.h; path = AIHAViewController.h; sourceTree = "<group>"; };
		02F8303014FBD83200A240EE /* AIHAViewController.m */ = {isa = PBXFileReference; lastKnownFileType = sourcecode.c.objc; path = AIHAViewController.m; sourceTree = "<group>"; };
		02F8303C14FBD8BE00A240EE /* HeatStressListViewController.h */ = {isa = PBXFileReference; fileEncoding = 4; lastKnownFileType = sourcecode.c.h; path = HeatStressListViewController.h; sourceTree = "<group>"; };
		02F8303D14FBD8BE00A240EE /* HeatStressListViewController.m */ = {isa = PBXFileReference; fileEncoding = 4; lastKnownFileType = sourcecode.c.objc; path = HeatStressListViewController.m; sourceTree = "<group>"; };
		02F8304314FBD96C00A240EE /* AIHA_Final.jpg */ = {isa = PBXFileReference; lastKnownFileType = image.jpeg; path = AIHA_Final.jpg; sourceTree = "<group>"; };
		02F8304514FBDA3700A240EE /* HeatStress.plist */ = {isa = PBXFileReference; fileEncoding = 4; lastKnownFileType = text.plist.xml; path = HeatStress.plist; sourceTree = "<group>"; };
		02F8304B14FBDBE900A240EE /* HeatStressManager.h */ = {isa = PBXFileReference; fileEncoding = 4; lastKnownFileType = sourcecode.c.h; path = HeatStressManager.h; sourceTree = "<group>"; };
		02F8304C14FBDBE900A240EE /* HeatStressManager.m */ = {isa = PBXFileReference; fileEncoding = 4; lastKnownFileType = sourcecode.c.objc; path = HeatStressManager.m; sourceTree = "<group>"; };
		02F8304E14FBDF1100A240EE /* ThreeVariableViewController.h */ = {isa = PBXFileReference; fileEncoding = 4; lastKnownFileType = sourcecode.c.h; path = ThreeVariableViewController.h; sourceTree = "<group>"; };
		02F8304F14FBDF1100A240EE /* ThreeVariableViewController.m */ = {isa = PBXFileReference; fileEncoding = 4; lastKnownFileType = sourcecode.c.objc; path = ThreeVariableViewController.m; sourceTree = "<group>"; };
		0F15D556150020BC009E11EC /* NoiseEquations.plist */ = {isa = PBXFileReference; fileEncoding = 4; lastKnownFileType = text.plist.xml; path = NoiseEquations.plist; sourceTree = "<group>"; };
		0F2E9B1615003DC700A4FB1D /* NoiseManager.h */ = {isa = PBXFileReference; fileEncoding = 4; lastKnownFileType = sourcecode.c.h; path = NoiseManager.h; sourceTree = "<group>"; };
		0F2E9B1715003DC700A4FB1D /* NoiseManager.m */ = {isa = PBXFileReference; fileEncoding = 4; lastKnownFileType = sourcecode.c.objc; path = NoiseManager.m; sourceTree = "<group>"; };
		0F2E9B1915003FAC00A4FB1D /* NoiseListViewController.h */ = {isa = PBXFileReference; fileEncoding = 4; lastKnownFileType = sourcecode.c.h; path = NoiseListViewController.h; sourceTree = "<group>"; };
		0F2E9B1A15003FAC00A4FB1D /* NoiseListViewController.m */ = {isa = PBXFileReference; fileEncoding = 4; lastKnownFileType = sourcecode.c.objc; path = NoiseListViewController.m; sourceTree = "<group>"; };
		0F2E9B1C15004DFD00A4FB1D /* ExposureManager.h */ = {isa = PBXFileReference; fileEncoding = 4; lastKnownFileType = sourcecode.c.h; path = ExposureManager.h; sourceTree = "<group>"; };
		0F2E9B1D15004DFD00A4FB1D /* ExposureManager.m */ = {isa = PBXFileReference; fileEncoding = 4; lastKnownFileType = sourcecode.c.objc; path = ExposureManager.m; sourceTree = "<group>"; };
		0F2E9B1F15004E1800A4FB1D /* ExposureListViewController.h */ = {isa = PBXFileReference; fileEncoding = 4; lastKnownFileType = sourcecode.c.h; path = ExposureListViewController.h; sourceTree = "<group>"; };
		0F2E9B2015004E1800A4FB1D /* ExposureListViewController.m */ = {isa = PBXFileReference; fileEncoding = 4; lastKnownFileType = sourcecode.c.objc; path = ExposureListViewController.m; sourceTree = "<group>"; };
		0F2E9B2215004E3700A4FB1D /* ExposureList.plist */ = {isa = PBXFileReference; fileEncoding = 4; lastKnownFileType = text.plist.xml; path = ExposureList.plist; sourceTree = "<group>"; };
		0F377030150FEEBA00192044 /* UIView+FindFirstResponder.h */ = {isa = PBXFileReference; fileEncoding = 4; lastKnownFileType = sourcecode.c.h; path = "UIView+FindFirstResponder.h"; sourceTree = "<group>"; };
		0F377031150FEEBA00192044 /* UIView+FindFirstResponder.m */ = {isa = PBXFileReference; fileEncoding = 4; lastKnownFileType = sourcecode.c.objc; path = "UIView+FindFirstResponder.m"; sourceTree = "<group>"; };
		0F37705D150FF4D300192044 /* AIHA.png */ = {isa = PBXFileReference; lastKnownFileType = image.png; path = AIHA.png; sourceTree = "<group>"; };
		0F65F10715095B050028A6D7 /* OneVariableViewController.h */ = {isa = PBXFileReference; fileEncoding = 4; lastKnownFileType = sourcecode.c.h; path = OneVariableViewController.h; sourceTree = "<group>"; };
		0F65F10815095B050028A6D7 /* OneVariableViewController.m */ = {isa = PBXFileReference; fileEncoding = 4; lastKnownFileType = sourcecode.c.objc; path = OneVariableViewController.m; sourceTree = "<group>"; };
		0F704A59150979370055CC32 /* CategoryManager.h */ = {isa = PBXFileReference; fileEncoding = 4; lastKnownFileType = sourcecode.c.h; path = CategoryManager.h; sourceTree = "<group>"; };
		0F704A5A150979370055CC32 /* CategoryManager.m */ = {isa = PBXFileReference; fileEncoding = 4; lastKnownFileType = sourcecode.c.objc; path = CategoryManager.m; sourceTree = "<group>"; };
		220173DB1612BAB1001F32CC /* AIHAlogo_iPad.png */ = {isa = PBXFileReference; lastKnownFileType = image.png; path = AIHAlogo_iPad.png; sourceTree = "<group>"; };
		225442BF157DA6D100633E94 /* OELmix.png */ = {isa = PBXFileReference; lastKnownFileType = image.png; path = OELmix.png; sourceTree = "<group>"; };
		225442C0157DA6D100633E94 /* OELmix@2x.png */ = {isa = PBXFileReference; lastKnownFileType = image.png; path = "OELmix@2x.png"; sourceTree = "<group>"; };
		225442C3157DA90100633E94 /* From ppm.png */ = {isa = PBXFileReference; lastKnownFileType = image.png; name = "From ppm.png"; path = "../From ppm.png"; sourceTree = "<group>"; };
		225442C5157DA90A00633E94 /* From ppm@2x.png */ = {isa = PBXFileReference; lastKnownFileType = image.png; path = "From ppm@2x.png"; sourceTree = "<group>"; };
		225442C7157DAA7200633E94 /* convertOEL 1.png */ = {isa = PBXFileReference; lastKnownFileType = image.png; path = "convertOEL 1.png"; sourceTree = "<group>"; };
		225442C8157DAA7200633E94 /* convertOEL 1@2x.png */ = {isa = PBXFileReference; lastKnownFileType = image.png; path = "convertOEL 1@2x.png"; sourceTree = "<group>"; };
		225442C9157DAA7200633E94 /* convertOEL 2.png */ = {isa = PBXFileReference; lastKnownFileType = image.png; path = "convertOEL 2.png"; sourceTree = "<group>"; };
		225442CA157DAA7200633E94 /* convertOEL 2@2x.png */ = {isa = PBXFileReference; lastKnownFileType = image.png; path = "convertOEL 2@2x.png"; sourceTree = "<group>"; };
		228708D015587FC9000C3888 /* formula.png */ = {isa = PBXFileReference; lastKnownFileType = image.png; path = formula.png; sourceTree = "<group>"; };
		228708D315588A31000C3888 /* conversion.png */ = {isa = PBXFileReference; lastKnownFileType = image.png; path = conversion.png; sourceTree = "<group>"; };
		22B8B013152ADA9700BF1D20 /* 85dBA reached.png */ = {isa = PBXFileReference; lastKnownFileType = image.png; path = "85dBA reached.png"; sourceTree = "<group>"; };
		22B8B014152ADA9700BF1D20 /* AddingSoundPressure.png */ = {isa = PBXFileReference; lastKnownFileType = image.png; path = AddingSoundPressure.png; sourceTree = "<group>"; };
		22B8B015152ADA9700BF1D20 /* AIHA.png */ = {isa = PBXFileReference; lastKnownFileType = image.png; path = AIHA.png; sourceTree = "<group>"; };
		22B8B016152ADA9700BF1D20 /* AllowableExposureTime.png */ = {isa = PBXFileReference; lastKnownFileType = image.png; path = AllowableExposureTime.png; sourceTree = "<group>"; };
		22B8B017152ADA9700BF1D20 /* Area of circle.png */ = {isa = PBXFileReference; lastKnownFileType = image.png; path = "Area of circle.png"; sourceTree = "<group>"; };
		22B8B018152ADA9700BF1D20 /* calcButton2.png */ = {isa = PBXFileReference; lastKnownFileType = image.png; path = calcButton2.png; sourceTree = "<group>"; };
		22B8B019152ADA9700BF1D20 /* clearButton2.png */ = {isa = PBXFileReference; lastKnownFileType = image.png; path = clearButton2.png; sourceTree = "<group>"; };
		22B8B01A152ADA9700BF1D20 /* dilutionToControlEvaporation.png */ = {isa = PBXFileReference; lastKnownFileType = image.png; path = dilutionToControlEvaporation.png; sourceTree = "<group>"; };
		22B8B01B152ADA9700BF1D20 /* dilutionVentilation.png */ = {isa = PBXFileReference; lastKnownFileType = image.png; path = dilutionVentilation.png; sourceTree = "<group>"; };
		22B8B01C152ADA9700BF1D20 /* fanLaws.png */ = {isa = PBXFileReference; lastKnownFileType = image.png; path = fanLaws.png; sourceTree = "<group>"; };
		22B8B01D152ADA9700BF1D20 /* fanLaws2.png */ = {isa = PBXFileReference; lastKnownFileType = image.png; path = fanLaws2.png; sourceTree = "<group>"; };
		22B8B01E152ADA9700BF1D20 /* fanTotalPressure.png */ = {isa = PBXFileReference; lastKnownFileType = image.png; path = fanTotalPressure.png; sourceTree = "<group>"; };
		22B8B01F152ADA9700BF1D20 /* Flow rate adjustment.png */ = {isa = PBXFileReference; lastKnownFileType = image.png; path = "Flow rate adjustment.png"; sourceTree = "<group>"; };
		22B8B021152ADA9700BF1D20 /* HoodStaticPressure.png */ = {isa = PBXFileReference; lastKnownFileType = image.png; path = HoodStaticPressure.png; sourceTree = "<group>"; };
		22B8B022152ADA9700BF1D20 /* Inverse Square Law.png */ = {isa = PBXFileReference; lastKnownFileType = image.png; path = "Inverse Square Law.png"; sourceTree = "<group>"; };
		22B8B024152ADA9700BF1D20 /* PEL(Respirable Fraction).png */ = {isa = PBXFileReference; lastKnownFileType = image.png; path = "PEL(Respirable Fraction).png"; sourceTree = "<group>"; };
		22B8B025152ADA9700BF1D20 /* PEL(Total Dust).png */ = {isa = PBXFileReference; lastKnownFileType = image.png; path = "PEL(Total Dust).png"; sourceTree = "<group>"; };
		22B8B026152ADA9700BF1D20 /* resultBar.png */ = {isa = PBXFileReference; lastKnownFileType = image.png; path = resultBar.png; sourceTree = "<group>"; };
		22B8B027152ADA9700BF1D20 /* Room Air changes per hour.png */ = {isa = PBXFileReference; lastKnownFileType = image.png; path = "Room Air changes per hour.png"; sourceTree = "<group>"; };
		22B8B02A152ADA9700BF1D20 /* Total Pressure.png */ = {isa = PBXFileReference; lastKnownFileType = image.png; path = "Total Pressure.png"; sourceTree = "<group>"; };
		22B8B02B152ADA9700BF1D20 /* TWA from %Dose.png */ = {isa = PBXFileReference; lastKnownFileType = image.png; path = "TWA from %Dose.png"; sourceTree = "<group>"; };
		22B8B02C152ADA9700BF1D20 /* TWA.png */ = {isa = PBXFileReference; lastKnownFileType = image.png; path = TWA.png; sourceTree = "<group>"; };
		22B8B02D152ADA9700BF1D20 /* velocity.png */ = {isa = PBXFileReference; lastKnownFileType = image.png; path = velocity.png; sourceTree = "<group>"; };
		22B8B02E152ADA9700BF1D20 /* Volume of Displaced Air.png */ = {isa = PBXFileReference; lastKnownFileType = image.png; path = "Volume of Displaced Air.png"; sourceTree = "<group>"; };
		22B8B02F152ADA9700BF1D20 /* WBGT_Indoor.png */ = {isa = PBXFileReference; lastKnownFileType = image.png; path = WBGT_Indoor.png; sourceTree = "<group>"; };
		22B8B030152ADA9700BF1D20 /* WBGT_Outdoor.png */ = {isa = PBXFileReference; lastKnownFileType = image.png; path = WBGT_Outdoor.png; sourceTree = "<group>"; };
		22C042E7155DC39C00D6E9A4 /* AIHAretina.png */ = {isa = PBXFileReference; lastKnownFileType = image.png; path = AIHAretina.png; sourceTree = "<group>"; };
		22C536B71525671B00886CEA /* Ventilation.plist */ = {isa = PBXFileReference; fileEncoding = 4; lastKnownFileType = text.plist.xml; path = Ventilation.plist; sourceTree = "<group>"; };
		22CAE47B152FB51A00C5E6B7 /* logos.png */ = {isa = PBXFileReference; lastKnownFileType = image.png; path = logos.png; sourceTree = "<group>"; };
		22CAE47D152FB52800C5E6B7 /* logos.png */ = {isa = PBXFileReference; lastKnownFileType = image.png; path = logos.png; sourceTree = "<group>"; };
		2C0AE3AE15FFC83B00641451 /* iPad_Storyboard.storyboard */ = {isa = PBXFileReference; fileEncoding = 4; lastKnownFileType = file.storyboard; path = iPad_Storyboard.storyboard; sourceTree = "<group>"; };
		321898CD152A3E4B00D4A6AE /* FlowRate.plist */ = {isa = PBXFileReference; fileEncoding = 4; lastKnownFileType = text.plist.xml; path = FlowRate.plist; sourceTree = "<group>"; };
		321898D0152A3E7200D4A6AE /* Concentration.plist */ = {isa = PBXFileReference; fileEncoding = 4; lastKnownFileType = text.plist.xml; path = Concentration.plist; sourceTree = "<group>"; };
		321898D7152A3EAC00D4A6AE /* Constants.plist */ = {isa = PBXFileReference; fileEncoding = 4; lastKnownFileType = text.plist.xml; path = Constants.plist; sourceTree = "<group>"; };
		321898E1152A3F9800D4A6AE /* TLV.plist */ = {isa = PBXFileReference; fileEncoding = 4; lastKnownFileType = text.plist.xml; path = TLV.plist; sourceTree = "<group>"; };
		326B00BB152A546C0084A11C /* TLVViewController.h */ = {isa = PBXFileReference; fileEncoding = 4; lastKnownFileType = sourcecode.c.h; path = TLVViewController.h; sourceTree = "<group>"; };
		326B00BC152A546C0084A11C /* TLVViewController.m */ = {isa = PBXFileReference; fileEncoding = 4; lastKnownFileType = sourcecode.c.objc; path = TLVViewController.m; sourceTree = "<group>"; };
		326B00BE152A55E70084A11C /* ConstantsViewController.h */ = {isa = PBXFileReference; fileEncoding = 4; lastKnownFileType = sourcecode.c.h; path = ConstantsViewController.h; sourceTree = "<group>"; };
		326B00BF152A55E70084A11C /* ConstantsViewController.m */ = {isa = PBXFileReference; fileEncoding = 4; lastKnownFileType = sourcecode.c.objc; path = ConstantsViewController.m; sourceTree = "<group>"; };
		326B00C1152A56910084A11C /* ConstantsManager.h */ = {isa = PBXFileReference; fileEncoding = 4; lastKnownFileType = sourcecode.c.h; path = ConstantsManager.h; sourceTree = "<group>"; };
		326B00C2152A56910084A11C /* ConstantsManager.m */ = {isa = PBXFileReference; fileEncoding = 4; lastKnownFileType = sourcecode.c.objc; path = ConstantsManager.m; sourceTree = "<group>"; };
		326B00C4152A57420084A11C /* FlowRateManager.h */ = {isa = PBXFileReference; fileEncoding = 4; lastKnownFileType = sourcecode.c.h; path = FlowRateManager.h; sourceTree = "<group>"; };
		326B00C5152A57420084A11C /* FlowRateManager.m */ = {isa = PBXFileReference; fileEncoding = 4; lastKnownFileType = sourcecode.c.objc; path = FlowRateManager.m; sourceTree = "<group>"; };
		326B00C7152A57860084A11C /* FlowRateViewController.h */ = {isa = PBXFileReference; fileEncoding = 4; lastKnownFileType = sourcecode.c.h; path = FlowRateViewController.h; sourceTree = "<group>"; };
		326B00C8152A57860084A11C /* FlowRateViewController.m */ = {isa = PBXFileReference; fileEncoding = 4; lastKnownFileType = sourcecode.c.objc; path = FlowRateViewController.m; sourceTree = "<group>"; };
		326B00CA152A57D60084A11C /* ConcentrationViewController.h */ = {isa = PBXFileReference; fileEncoding = 4; lastKnownFileType = sourcecode.c.h; path = ConcentrationViewController.h; sourceTree = "<group>"; };
		326B00CB152A57D60084A11C /* ConcentrationViewController.m */ = {isa = PBXFileReference; fileEncoding = 4; lastKnownFileType = sourcecode.c.objc; path = ConcentrationViewController.m; sourceTree = "<group>"; };
		326B00CD152A58170084A11C /* ConcentrationManager.h */ = {isa = PBXFileReference; fileEncoding = 4; lastKnownFileType = sourcecode.c.h; path = ConcentrationManager.h; sourceTree = "<group>"; };
		326B00CE152A58170084A11C /* ConcentrationManager.m */ = {isa = PBXFileReference; fileEncoding = 4; lastKnownFileType = sourcecode.c.objc; path = ConcentrationManager.m; sourceTree = "<group>"; };
		32BCE4B51504809A002F1C52 /* VentilationListViewController.h */ = {isa = PBXFileReference; fileEncoding = 4; lastKnownFileType = sourcecode.c.h; path = VentilationListViewController.h; sourceTree = "<group>"; };
		32BCE4B61504809A002F1C52 /* VentilationListViewController.m */ = {isa = PBXFileReference; fileEncoding = 4; lastKnownFileType = sourcecode.c.objc; path = VentilationListViewController.m; sourceTree = "<group>"; };
		32BCE4B81504812E002F1C52 /* VentilationManager.h */ = {isa = PBXFileReference; fileEncoding = 4; lastKnownFileType = sourcecode.c.h; path = VentilationManager.h; sourceTree = "<group>"; };
		32BCE4B91504812E002F1C52 /* VentilationManager.m */ = {isa = PBXFileReference; fileEncoding = 4; lastKnownFileType = sourcecode.c.objc; path = VentilationManager.m; sourceTree = "<group>"; };
		32E1905E152A4A390040F800 /* TlvManager.h */ = {isa = PBXFileReference; fileEncoding = 4; lastKnownFileType = sourcecode.c.h; path = TlvManager.h; sourceTree = "<group>"; };
		32E1905F152A4A390040F800 /* TlvManager.m */ = {isa = PBXFileReference; fileEncoding = 4; lastKnownFileType = sourcecode.c.objc; path = TlvManager.m; sourceTree = "<group>"; };
		8EC7AABB1522BB5800DAFABA /* HeatExposureTable.png */ = {isa = PBXFileReference; lastKnownFileType = image.png; path = HeatExposureTable.png; sourceTree = "<group>"; };
		95A739851544E00E00AE7E4E /* AIHAlogo.png */ = {isa = PBXFileReference; lastKnownFileType = image.png; path = AIHAlogo.png; sourceTree = "<group>"; };
		95A739861544E00E00AE7E4E /* AIHAlogo@2x.png */ = {isa = PBXFileReference; lastKnownFileType = image.png; path = "AIHAlogo@2x.png"; sourceTree = "<group>"; };
		95A739871544E00E00AE7E4E /* calculate.png */ = {isa = PBXFileReference; lastKnownFileType = image.png; path = calculate.png; sourceTree = "<group>"; };
		95A739881544E00E00AE7E4E /* calculate@2x.png */ = {isa = PBXFileReference; lastKnownFileType = image.png; path = "calculate@2x.png"; sourceTree = "<group>"; };
		95A739891544E00E00AE7E4E /* clear.png */ = {isa = PBXFileReference; lastKnownFileType = image.png; path = clear.png; sourceTree = "<group>"; };
		95A7398A1544E00E00AE7E4E /* clear@2x.png */ = {isa = PBXFileReference; lastKnownFileType = image.png; path = "clear@2x.png"; sourceTree = "<group>"; };
		95A7398F1544E00E00AE7E4E /* flow rate 1.png */ = {isa = PBXFileReference; lastKnownFileType = image.png; path = "flow rate 1.png"; sourceTree = "<group>"; };
		95A739901544E00E00AE7E4E /* flow rate 1@2x.png */ = {isa = PBXFileReference; lastKnownFileType = image.png; path = "flow rate 1@2x.png"; sourceTree = "<group>"; };
		95A739911544E00E00AE7E4E /* flow rate 2.png */ = {isa = PBXFileReference; lastKnownFileType = image.png; path = "flow rate 2.png"; sourceTree = "<group>"; };
		95A739921544E00E00AE7E4E /* flow rate 2@2x.png */ = {isa = PBXFileReference; lastKnownFileType = image.png; path = "flow rate 2@2x.png"; sourceTree = "<group>"; };
		95A739931544E00E00AE7E4E /* grain to gm.png */ = {isa = PBXFileReference; lastKnownFileType = image.png; path = "grain to gm.png"; sourceTree = "<group>"; };
		95A739941544E00E00AE7E4E /* grain to gm@2x.png */ = {isa = PBXFileReference; lastKnownFileType = image.png; path = "grain to gm@2x.png"; sourceTree = "<group>"; };
		95A739951544E00E00AE7E4E /* mppcf.png */ = {isa = PBXFileReference; lastKnownFileType = image.png; path = mppcf.png; sourceTree = "<group>"; };
		95A739961544E00E00AE7E4E /* mppcf@2x.png */ = {isa = PBXFileReference; lastKnownFileType = image.png; path = "mppcf@2x.png"; sourceTree = "<group>"; };
		95A739971544E00E00AE7E4E /* resultBar@2x.png */ = {isa = PBXFileReference; lastKnownFileType = image.png; path = "resultBar@2x.png"; sourceTree = "<group>"; };
		95A739AC1544EB2600AE7E4E /* OSHA Table.png */ = {isa = PBXFileReference; lastKnownFileType = image.png; path = "OSHA Table.png"; sourceTree = "<group>"; };
		95A739AE1544EB3600AE7E4E /* OSHA Table@2x.png */ = {isa = PBXFileReference; lastKnownFileType = image.png; path = "OSHA Table@2x.png"; sourceTree = "<group>"; };
		95AD7044153FA089008810F0 /* Oxygen Level of Room.png */ = {isa = PBXFileReference; lastKnownFileType = image.png; path = "Oxygen Level of Room.png"; sourceTree = "<group>"; };
		95AD7046153FA119008810F0 /* 85dBA reached@2x.png */ = {isa = PBXFileReference; lastKnownFileType = image.png; path = "85dBA reached@2x.png"; sourceTree = "<group>"; };
		95AD7047153FA119008810F0 /* AddingSoundPressure@2x.png */ = {isa = PBXFileReference; lastKnownFileType = image.png; path = "AddingSoundPressure@2x.png"; sourceTree = "<group>"; };
		95AD7048153FA119008810F0 /* AllowableExposureTime@2x.png */ = {isa = PBXFileReference; lastKnownFileType = image.png; path = "AllowableExposureTime@2x.png"; sourceTree = "<group>"; };
		95AD7049153FA119008810F0 /* Avogadros Number.png */ = {isa = PBXFileReference; lastKnownFileType = image.png; path = "Avogadros Number.png"; sourceTree = "<group>"; };
		95AD704A153FA119008810F0 /* Avogadros Number@2x.png */ = {isa = PBXFileReference; lastKnownFileType = image.png; path = "Avogadros Number@2x.png"; sourceTree = "<group>"; };
		95AD704B153FA119008810F0 /* dilutionToControlEvaporation@2x.png */ = {isa = PBXFileReference; lastKnownFileType = image.png; path = "dilutionToControlEvaporation@2x.png"; sourceTree = "<group>"; };
		95AD704C153FA119008810F0 /* dilutionVentilation@2x.png */ = {isa = PBXFileReference; lastKnownFileType = image.png; path = "dilutionVentilation@2x.png"; sourceTree = "<group>"; };
		95AD704D153FA119008810F0 /* fanLaws@2x.png */ = {isa = PBXFileReference; lastKnownFileType = image.png; path = "fanLaws@2x.png"; sourceTree = "<group>"; };
		95AD704E153FA119008810F0 /* fanLaws2@2x.png */ = {isa = PBXFileReference; lastKnownFileType = image.png; path = "fanLaws2@2x.png"; sourceTree = "<group>"; };
		95AD704F153FA119008810F0 /* fanTotalPressure@2x.png */ = {isa = PBXFileReference; lastKnownFileType = image.png; path = "fanTotalPressure@2x.png"; sourceTree = "<group>"; };
		95AD7050153FA119008810F0 /* Flow rate adjustment@2x.png */ = {isa = PBXFileReference; lastKnownFileType = image.png; path = "Flow rate adjustment@2x.png"; sourceTree = "<group>"; };
		95AD7052153FA119008810F0 /* HoodStaticPressure@2x.png */ = {isa = PBXFileReference; lastKnownFileType = image.png; path = "HoodStaticPressure@2x.png"; sourceTree = "<group>"; };
		95AD7053153FA119008810F0 /* Inverse Square Law@2x.png */ = {isa = PBXFileReference; lastKnownFileType = image.png; path = "Inverse Square Law@2x.png"; sourceTree = "<group>"; };
		95AD7054153FA119008810F0 /* Oxygen Level of Room@2x.png */ = {isa = PBXFileReference; lastKnownFileType = image.png; path = "Oxygen Level of Room@2x.png"; sourceTree = "<group>"; };
		95AD7055153FA119008810F0 /* PEL(Respirable Fraction)@2x.png */ = {isa = PBXFileReference; lastKnownFileType = image.png; path = "PEL(Respirable Fraction)@2x.png"; sourceTree = "<group>"; };
		95AD7056153FA119008810F0 /* PEL(Total Dust)@2x.png */ = {isa = PBXFileReference; lastKnownFileType = image.png; path = "PEL(Total Dust)@2x.png"; sourceTree = "<group>"; };
		95AD7057153FA119008810F0 /* PercentDose@2x.png */ = {isa = PBXFileReference; lastKnownFileType = image.png; path = "PercentDose@2x.png"; sourceTree = "<group>"; };
		95AD7058153FA119008810F0 /* Planck's Constant.png */ = {isa = PBXFileReference; lastKnownFileType = image.png; path = "Planck's Constant.png"; sourceTree = "<group>"; };
		95AD7059153FA119008810F0 /* Planck's Constant@2x.png */ = {isa = PBXFileReference; lastKnownFileType = image.png; path = "Planck's Constant@2x.png"; sourceTree = "<group>"; };
		95AD705A153FA119008810F0 /* Speed of Light.png */ = {isa = PBXFileReference; lastKnownFileType = image.png; path = "Speed of Light.png"; sourceTree = "<group>"; };
		95AD705B153FA119008810F0 /* Speed of Light@2x.png */ = {isa = PBXFileReference; lastKnownFileType = image.png; path = "Speed of Light@2x.png"; sourceTree = "<group>"; };
		95AD705C153FA119008810F0 /* Speed of Sound.png */ = {isa = PBXFileReference; lastKnownFileType = image.png; path = "Speed of Sound.png"; sourceTree = "<group>"; };
		95AD705D153FA119008810F0 /* Speed of Sound@2x.png */ = {isa = PBXFileReference; lastKnownFileType = image.png; path = "Speed of Sound@2x.png"; sourceTree = "<group>"; };
		95AD7060153FA119008810F0 /* Total Pressure@2x.png */ = {isa = PBXFileReference; lastKnownFileType = image.png; path = "Total Pressure@2x.png"; sourceTree = "<group>"; };
		95AD7061153FA119008810F0 /* TWA from %Dose@2x.png */ = {isa = PBXFileReference; lastKnownFileType = image.png; path = "TWA from %Dose@2x.png"; sourceTree = "<group>"; };
		95AD7062153FA119008810F0 /* TWA@2x.png */ = {isa = PBXFileReference; lastKnownFileType = image.png; path = "TWA@2x.png"; sourceTree = "<group>"; };
		95AD7063153FA119008810F0 /* velocity@2x.png */ = {isa = PBXFileReference; lastKnownFileType = image.png; path = "velocity@2x.png"; sourceTree = "<group>"; };
		95AD7064153FA119008810F0 /* Volume of Displaced Air@2x.png */ = {isa = PBXFileReference; lastKnownFileType = image.png; path = "Volume of Displaced Air@2x.png"; sourceTree = "<group>"; };
		95AD7065153FA119008810F0 /* WBGT_Indoor@2x.png */ = {isa = PBXFileReference; lastKnownFileType = image.png; path = "WBGT_Indoor@2x.png"; sourceTree = "<group>"; };
		95AD7066153FA119008810F0 /* WBGT_Outdoor@2x.png */ = {isa = PBXFileReference; lastKnownFileType = image.png; path = "WBGT_Outdoor@2x.png"; sourceTree = "<group>"; };
		95D86E19151ECEB5000438E8 /* AIHA_LongFinal.jpg */ = {isa = PBXFileReference; lastKnownFileType = image.jpeg; path = AIHA_LongFinal.jpg; sourceTree = "<group>"; };
/* End PBXFileReference section */

/* Begin PBXFrameworksBuildPhase section */
		02F8301314FBD83200A240EE /* Frameworks */ = {
			isa = PBXFrameworksBuildPhase;
			buildActionMask = 2147483647;
			files = (
				02F8301B14FBD83200A240EE /* UIKit.framework in Frameworks */,
				02F8301D14FBD83200A240EE /* Foundation.framework in Frameworks */,
				02F8301F14FBD83200A240EE /* CoreGraphics.framework in Frameworks */,
			);
			runOnlyForDeploymentPostprocessing = 0;
		};
/* End PBXFrameworksBuildPhase section */

/* Begin PBXGroup section */
		02F8300B14FBD83200A240EE = {
			isa = PBXGroup;
			children = (
				22CAE47D152FB52800C5E6B7 /* logos.png */,
				0F37705D150FF4D300192044 /* AIHA.png */,
				22C042E7155DC39C00D6E9A4 /* AIHAretina.png */,
				02F8302014FBD83200A240EE /* CalculationsAIHA */,
				02F8301914FBD83200A240EE /* Frameworks */,
				02F8301714FBD83200A240EE /* Products */,
			);
			sourceTree = "<group>";
		};
		02F8301714FBD83200A240EE /* Products */ = {
			isa = PBXGroup;
			children = (
				02F8301614FBD83200A240EE /* CalculationsAIHA.app */,
			);
			name = Products;
			sourceTree = "<group>";
		};
		02F8301914FBD83200A240EE /* Frameworks */ = {
			isa = PBXGroup;
			children = (
				02F8301A14FBD83200A240EE /* UIKit.framework */,
				02F8301C14FBD83200A240EE /* Foundation.framework */,
				02F8301E14FBD83200A240EE /* CoreGraphics.framework */,
			);
			name = Frameworks;
			sourceTree = "<group>";
		};
		02F8302014FBD83200A240EE /* CalculationsAIHA */ = {
			isa = PBXGroup;
			children = (
				02F8302C14FBD83200A240EE /* MainStoryboard.storyboard */,
				2C0AE3AE15FFC83B00641451 /* iPad_Storyboard.storyboard */,
				0F377030150FEEBA00192044 /* UIView+FindFirstResponder.h */,
				0F377031150FEEBA00192044 /* UIView+FindFirstResponder.m */,
				02F8302914FBD83200A240EE /* AIHAAppDelegate.h */,
				02F8302A14FBD83200A240EE /* AIHAAppDelegate.m */,
				02F8302F14FBD83200A240EE /* AIHAViewController.h */,
				02F8303014FBD83200A240EE /* AIHAViewController.m */,
				0F704A59150979370055CC32 /* CategoryManager.h */,
				0F704A5A150979370055CC32 /* CategoryManager.m */,
				0F2E9B1615003DC700A4FB1D /* NoiseManager.h */,
				0F2E9B1715003DC700A4FB1D /* NoiseManager.m */,
				02F8304B14FBDBE900A240EE /* HeatStressManager.h */,
				02F8304C14FBDBE900A240EE /* HeatStressManager.m */,
				32BCE4B81504812E002F1C52 /* VentilationManager.h */,
				32BCE4B91504812E002F1C52 /* VentilationManager.m */,
				0F2E9B1C15004DFD00A4FB1D /* ExposureManager.h */,
				0F2E9B1D15004DFD00A4FB1D /* ExposureManager.m */,
				0F2E9B1915003FAC00A4FB1D /* NoiseListViewController.h */,
				0F2E9B1A15003FAC00A4FB1D /* NoiseListViewController.m */,
				02F8303C14FBD8BE00A240EE /* HeatStressListViewController.h */,
				02F8303D14FBD8BE00A240EE /* HeatStressListViewController.m */,
				32BCE4B51504809A002F1C52 /* VentilationListViewController.h */,
				32BCE4B61504809A002F1C52 /* VentilationListViewController.m */,
				0F2E9B1F15004E1800A4FB1D /* ExposureListViewController.h */,
				0F2E9B2015004E1800A4FB1D /* ExposureListViewController.m */,
				0F65F10715095B050028A6D7 /* OneVariableViewController.h */,
				0F65F10815095B050028A6D7 /* OneVariableViewController.m */,
				02DF6E4514FD78AF0016ABD6 /* TwoVariableViewController.h */,
				02DF6E4614FD78AF0016ABD6 /* TwoVariableViewController.m */,
				02F8304E14FBDF1100A240EE /* ThreeVariableViewController.h */,
				02F8304F14FBDF1100A240EE /* ThreeVariableViewController.m */,
				02DF6E4814FD798C0016ABD6 /* FourVariableViewController.h */,
				02DF6E4914FD798C0016ABD6 /* FourVariableViewController.m */,
				02838EA5150E50940080CC57 /* FiveVariableViewController.h */,
				02838EA6150E50940080CC57 /* FiveVariableViewController.m */,
				02622C681505253B003727E1 /* HeatStressTableImageViewController.h */,
				02622C691505253B003727E1 /* HeatStressTableImageViewController.m */,
				02622C741505356D003727E1 /* ConversionManager.h */,
				02622C751505356D003727E1 /* ConversionManager.m */,
				326B00CD152A58170084A11C /* ConcentrationManager.h */,
				326B00CE152A58170084A11C /* ConcentrationManager.m */,
				326B00CA152A57D60084A11C /* ConcentrationViewController.h */,
				326B00CB152A57D60084A11C /* ConcentrationViewController.m */,
				02622C77150535A0003727E1 /* ConversionListViewController.h */,
				02622C78150535A0003727E1 /* ConversionListViewController.m */,
				326B00C1152A56910084A11C /* ConstantsManager.h */,
				326B00C2152A56910084A11C /* ConstantsManager.m */,
				326B00BE152A55E70084A11C /* ConstantsViewController.h */,
				326B00BF152A55E70084A11C /* ConstantsViewController.m */,
				326B00C4152A57420084A11C /* FlowRateManager.h */,
				326B00C5152A57420084A11C /* FlowRateManager.m */,
				326B00C7152A57860084A11C /* FlowRateViewController.h */,
				326B00C8152A57860084A11C /* FlowRateViewController.m */,
				32E1905E152A4A390040F800 /* TlvManager.h */,
				32E1905F152A4A390040F800 /* TlvManager.m */,
				326B00BB152A546C0084A11C /* TLVViewController.h */,
				326B00BC152A546C0084A11C /* TLVViewController.m */,
				023421721506BA930075260F /* formulas.m */,
				0254A7501507B3290069897B /* formulas.h */,
				02F8302114FBD83200A240EE /* Supporting Files */,
			);
			path = CalculationsAIHA;
			sourceTree = "<group>";
		};
		02F8302114FBD83200A240EE /* Supporting Files */ = {
			isa = PBXGroup;
			children = (
				22B8B012152ADA9700BF1D20 /* Equation Images */,
				8EC7AABB1522BB5800DAFABA /* HeatExposureTable.png */,
				02F8304314FBD96C00A240EE /* AIHA_Final.jpg */,
				95D86E19151ECEB5000438E8 /* AIHA_LongFinal.jpg */,
				02F8302214FBD83200A240EE /* CalculationsAIHA-Info.plist */,
				321898CD152A3E4B00D4A6AE /* FlowRate.plist */,
				321898D7152A3EAC00D4A6AE /* Constants.plist */,
				321898D0152A3E7200D4A6AE /* Concentration.plist */,
				321898E1152A3F9800D4A6AE /* TLV.plist */,
				02F8302314FBD83200A240EE /* InfoPlist.strings */,
				02F8302614FBD83200A240EE /* main.m */,
				02F8302814FBD83200A240EE /* CalculationsAIHA-Prefix.pch */,
				0F15D556150020BC009E11EC /* NoiseEquations.plist */,
				02F8304514FBDA3700A240EE /* HeatStress.plist */,
				22C536B71525671B00886CEA /* Ventilation.plist */,
				0F2E9B2215004E3700A4FB1D /* ExposureList.plist */,
			);
			name = "Supporting Files";
			sourceTree = "<group>";
		};
		22B8B012152ADA9700BF1D20 /* Equation Images */ = {
			isa = PBXGroup;
			children = (
				220173DB1612BAB1001F32CC /* AIHAlogo_iPad.png */,
				225442C3157DA90100633E94 /* From ppm.png */,
				225442C5157DA90A00633E94 /* From ppm@2x.png */,
				228708D015587FC9000C3888 /* formula.png */,
				228708D315588A31000C3888 /* conversion.png */,
				22B8B013152ADA9700BF1D20 /* 85dBA reached.png */,
				22B8B014152ADA9700BF1D20 /* AddingSoundPressure.png */,
				22B8B015152ADA9700BF1D20 /* AIHA.png */,
				22CAE47B152FB51A00C5E6B7 /* logos.png */,
				22B8B016152ADA9700BF1D20 /* AllowableExposureTime.png */,
				22B8B017152ADA9700BF1D20 /* Area of circle.png */,
				22B8B018152ADA9700BF1D20 /* calcButton2.png */,
				22B8B019152ADA9700BF1D20 /* clearButton2.png */,
				22B8B01A152ADA9700BF1D20 /* dilutionToControlEvaporation.png */,
				22B8B01B152ADA9700BF1D20 /* dilutionVentilation.png */,
				22B8B01C152ADA9700BF1D20 /* fanLaws.png */,
				22B8B01D152ADA9700BF1D20 /* fanLaws2.png */,
				22B8B01E152ADA9700BF1D20 /* fanTotalPressure.png */,
				22B8B01F152ADA9700BF1D20 /* Flow rate adjustment.png */,
				22B8B021152ADA9700BF1D20 /* HoodStaticPressure.png */,
				22B8B022152ADA9700BF1D20 /* Inverse Square Law.png */,
				95AD7044153FA089008810F0 /* Oxygen Level of Room.png */,
				22B8B024152ADA9700BF1D20 /* PEL(Respirable Fraction).png */,
				22B8B025152ADA9700BF1D20 /* PEL(Total Dust).png */,
				22B8B026152ADA9700BF1D20 /* resultBar.png */,
				22B8B027152ADA9700BF1D20 /* Room Air changes per hour.png */,
				22B8B02A152ADA9700BF1D20 /* Total Pressure.png */,
				22B8B02B152ADA9700BF1D20 /* TWA from %Dose.png */,
				22B8B02C152ADA9700BF1D20 /* TWA.png */,
				22B8B02D152ADA9700BF1D20 /* velocity.png */,
				22B8B02E152ADA9700BF1D20 /* Volume of Displaced Air.png */,
				22B8B02F152ADA9700BF1D20 /* WBGT_Indoor.png */,
				22B8B030152ADA9700BF1D20 /* WBGT_Outdoor.png */,
				95AD7046153FA119008810F0 /* 85dBA reached@2x.png */,
				95AD7047153FA119008810F0 /* AddingSoundPressure@2x.png */,
				95AD7048153FA119008810F0 /* AllowableExposureTime@2x.png */,
				95AD7049153FA119008810F0 /* Avogadros Number.png */,
				95AD704A153FA119008810F0 /* Avogadros Number@2x.png */,
				95AD704B153FA119008810F0 /* dilutionToControlEvaporation@2x.png */,
				95AD704C153FA119008810F0 /* dilutionVentilation@2x.png */,
				95AD704D153FA119008810F0 /* fanLaws@2x.png */,
				95AD704E153FA119008810F0 /* fanLaws2@2x.png */,
				95AD704F153FA119008810F0 /* fanTotalPressure@2x.png */,
				95AD7050153FA119008810F0 /* Flow rate adjustment@2x.png */,
				95AD7052153FA119008810F0 /* HoodStaticPressure@2x.png */,
				95AD7053153FA119008810F0 /* Inverse Square Law@2x.png */,
				95A739AC1544EB2600AE7E4E /* OSHA Table.png */,
				95A739AE1544EB3600AE7E4E /* OSHA Table@2x.png */,
				95AD7054153FA119008810F0 /* Oxygen Level of Room@2x.png */,
				95AD7055153FA119008810F0 /* PEL(Respirable Fraction)@2x.png */,
				95AD7056153FA119008810F0 /* PEL(Total Dust)@2x.png */,
				95AD7057153FA119008810F0 /* PercentDose@2x.png */,
				95AD7058153FA119008810F0 /* Planck's Constant.png */,
				95AD7059153FA119008810F0 /* Planck's Constant@2x.png */,
				95AD705A153FA119008810F0 /* Speed of Light.png */,
				95AD705B153FA119008810F0 /* Speed of Light@2x.png */,
				95AD705C153FA119008810F0 /* Speed of Sound.png */,
				95AD705D153FA119008810F0 /* Speed of Sound@2x.png */,
				95AD7060153FA119008810F0 /* Total Pressure@2x.png */,
				95AD7061153FA119008810F0 /* TWA from %Dose@2x.png */,
				95AD7062153FA119008810F0 /* TWA@2x.png */,
				95AD7063153FA119008810F0 /* velocity@2x.png */,
				95AD7064153FA119008810F0 /* Volume of Displaced Air@2x.png */,
				95AD7065153FA119008810F0 /* WBGT_Indoor@2x.png */,
				95AD7066153FA119008810F0 /* WBGT_Outdoor@2x.png */,
				225442BF157DA6D100633E94 /* OELmix.png */,
				225442C0157DA6D100633E94 /* OELmix@2x.png */,
				95A739851544E00E00AE7E4E /* AIHAlogo.png */,
				95A739861544E00E00AE7E4E /* AIHAlogo@2x.png */,
				95A739871544E00E00AE7E4E /* calculate.png */,
				95A739881544E00E00AE7E4E /* calculate@2x.png */,
				95A739891544E00E00AE7E4E /* clear.png */,
				95A7398A1544E00E00AE7E4E /* clear@2x.png */,
				95A7398F1544E00E00AE7E4E /* flow rate 1.png */,
				95A739901544E00E00AE7E4E /* flow rate 1@2x.png */,
				95A739911544E00E00AE7E4E /* flow rate 2.png */,
				95A739921544E00E00AE7E4E /* flow rate 2@2x.png */,
				95A739931544E00E00AE7E4E /* grain to gm.png */,
				225442C7157DAA7200633E94 /* convertOEL 1.png */,
				225442C8157DAA7200633E94 /* convertOEL 1@2x.png */,
				225442C9157DAA7200633E94 /* convertOEL 2.png */,
				225442CA157DAA7200633E94 /* convertOEL 2@2x.png */,
				95A739941544E00E00AE7E4E /* grain to gm@2x.png */,
				95A739951544E00E00AE7E4E /* mppcf.png */,
				95A739961544E00E00AE7E4E /* mppcf@2x.png */,
				95A739971544E00E00AE7E4E /* resultBar@2x.png */,
			);
			path = "Equation Images";
			sourceTree = "<group>";
		};
/* End PBXGroup section */

/* Begin PBXNativeTarget section */
		02F8301514FBD83200A240EE /* CalculationsAIHA */ = {
			isa = PBXNativeTarget;
			buildConfigurationList = 02F8303414FBD83200A240EE /* Build configuration list for PBXNativeTarget "CalculationsAIHA" */;
			buildPhases = (
				02F8301214FBD83200A240EE /* Sources */,
				02F8301314FBD83200A240EE /* Frameworks */,
				02F8301414FBD83200A240EE /* Resources */,
			);
			buildRules = (
			);
			dependencies = (
			);
			name = CalculationsAIHA;
			productName = CalculationsAIHA;
			productReference = 02F8301614FBD83200A240EE /* CalculationsAIHA.app */;
			productType = "com.apple.product-type.application";
		};
/* End PBXNativeTarget section */

/* Begin PBXProject section */
		02F8300D14FBD83200A240EE /* Project object */ = {
			isa = PBXProject;
			attributes = {
				LastUpgradeCheck = 0420;
			};
			buildConfigurationList = 02F8301014FBD83200A240EE /* Build configuration list for PBXProject "CalculationsAIHA" */;
			compatibilityVersion = "Xcode 3.2";
			developmentRegion = English;
			hasScannedForEncodings = 0;
			knownRegions = (
				en,
			);
			mainGroup = 02F8300B14FBD83200A240EE;
			productRefGroup = 02F8301714FBD83200A240EE /* Products */;
			projectDirPath = "";
			projectRoot = "";
			targets = (
				02F8301514FBD83200A240EE /* CalculationsAIHA */,
			);
		};
/* End PBXProject section */

/* Begin PBXResourcesBuildPhase section */
		02F8301414FBD83200A240EE /* Resources */ = {
			isa = PBXResourcesBuildPhase;
			buildActionMask = 2147483647;
			files = (
				02F8302514FBD83200A240EE /* InfoPlist.strings in Resources */,
				02F8302E14FBD83200A240EE /* MainStoryboard.storyboard in Resources */,
				02F8304414FBD96C00A240EE /* AIHA_Final.jpg in Resources */,
				02F8304614FBDA3700A240EE /* HeatStress.plist in Resources */,
				0F15D557150020BC009E11EC /* NoiseEquations.plist in Resources */,
				0F2E9B2315004E3700A4FB1D /* ExposureList.plist in Resources */,
				0F37705E150FF4D300192044 /* AIHA.png in Resources */,
				95D86E1A151ECEB5000438E8 /* AIHA_LongFinal.jpg in Resources */,
				8EC7AABC1522BB5800DAFABA /* HeatExposureTable.png in Resources */,
				22C536B81525671B00886CEA /* Ventilation.plist in Resources */,
				321898CE152A3E4B00D4A6AE /* FlowRate.plist in Resources */,
				321898D1152A3E7200D4A6AE /* Concentration.plist in Resources */,
				321898D8152A3EAC00D4A6AE /* Constants.plist in Resources */,
				321898E2152A3F9800D4A6AE /* TLV.plist in Resources */,
				22B8B031152ADA9700BF1D20 /* 85dBA reached.png in Resources */,
				22B8B032152ADA9700BF1D20 /* AddingSoundPressure.png in Resources */,
				22B8B034152ADA9700BF1D20 /* AllowableExposureTime.png in Resources */,
				22B8B035152ADA9700BF1D20 /* Area of circle.png in Resources */,
				22B8B036152ADA9700BF1D20 /* calcButton2.png in Resources */,
				22B8B037152ADA9700BF1D20 /* clearButton2.png in Resources */,
				22B8B038152ADA9700BF1D20 /* dilutionToControlEvaporation.png in Resources */,
				22B8B039152ADA9700BF1D20 /* dilutionVentilation.png in Resources */,
				22B8B03A152ADA9700BF1D20 /* fanLaws.png in Resources */,
				22B8B03B152ADA9700BF1D20 /* fanLaws2.png in Resources */,
				22B8B03C152ADA9700BF1D20 /* fanTotalPressure.png in Resources */,
				22B8B03D152ADA9700BF1D20 /* Flow rate adjustment.png in Resources */,
				22B8B03F152ADA9700BF1D20 /* HoodStaticPressure.png in Resources */,
				22B8B040152ADA9700BF1D20 /* Inverse Square Law.png in Resources */,
				22B8B042152ADA9700BF1D20 /* PEL(Respirable Fraction).png in Resources */,
				22B8B043152ADA9700BF1D20 /* PEL(Total Dust).png in Resources */,
				22B8B044152ADA9700BF1D20 /* resultBar.png in Resources */,
				22B8B045152ADA9700BF1D20 /* Room Air changes per hour.png in Resources */,
				22B8B048152ADA9700BF1D20 /* Total Pressure.png in Resources */,
				22B8B049152ADA9700BF1D20 /* TWA from %Dose.png in Resources */,
				22B8B04A152ADA9700BF1D20 /* TWA.png in Resources */,
				22B8B04B152ADA9700BF1D20 /* velocity.png in Resources */,
				22B8B04C152ADA9700BF1D20 /* Volume of Displaced Air.png in Resources */,
				22B8B04D152ADA9700BF1D20 /* WBGT_Indoor.png in Resources */,
				22B8B04E152ADA9700BF1D20 /* WBGT_Outdoor.png in Resources */,
				22CAE47E152FB52800C5E6B7 /* logos.png in Resources */,
				95AD7045153FA089008810F0 /* Oxygen Level of Room.png in Resources */,
				95AD7067153FA119008810F0 /* 85dBA reached@2x.png in Resources */,
				95AD7068153FA119008810F0 /* AddingSoundPressure@2x.png in Resources */,
				95AD7069153FA119008810F0 /* AllowableExposureTime@2x.png in Resources */,
				95AD706A153FA119008810F0 /* Avogadros Number.png in Resources */,
				95AD706B153FA119008810F0 /* Avogadros Number@2x.png in Resources */,
				95AD706C153FA119008810F0 /* dilutionToControlEvaporation@2x.png in Resources */,
				95AD706D153FA119008810F0 /* dilutionVentilation@2x.png in Resources */,
				95AD706E153FA119008810F0 /* fanLaws@2x.png in Resources */,
				95AD706F153FA119008810F0 /* fanLaws2@2x.png in Resources */,
				95AD7070153FA119008810F0 /* fanTotalPressure@2x.png in Resources */,
				95AD7071153FA119008810F0 /* Flow rate adjustment@2x.png in Resources */,
				95AD7073153FA119008810F0 /* HoodStaticPressure@2x.png in Resources */,
				95AD7074153FA119008810F0 /* Inverse Square Law@2x.png in Resources */,
				95AD7075153FA119008810F0 /* Oxygen Level of Room@2x.png in Resources */,
				95AD7076153FA119008810F0 /* PEL(Respirable Fraction)@2x.png in Resources */,
				95AD7077153FA119008810F0 /* PEL(Total Dust)@2x.png in Resources */,
				95AD7078153FA119008810F0 /* PercentDose@2x.png in Resources */,
				95AD7079153FA119008810F0 /* Planck's Constant.png in Resources */,
				95AD707A153FA119008810F0 /* Planck's Constant@2x.png in Resources */,
				95AD707B153FA119008810F0 /* Speed of Light.png in Resources */,
				95AD707C153FA119008810F0 /* Speed of Light@2x.png in Resources */,
				95AD707D153FA119008810F0 /* Speed of Sound.png in Resources */,
				95AD707E153FA119008810F0 /* Speed of Sound@2x.png in Resources */,
				95AD7081153FA119008810F0 /* Total Pressure@2x.png in Resources */,
				95AD7082153FA119008810F0 /* TWA from %Dose@2x.png in Resources */,
				95AD7083153FA119008810F0 /* TWA@2x.png in Resources */,
				95AD7084153FA119008810F0 /* velocity@2x.png in Resources */,
				95AD7085153FA119008810F0 /* Volume of Displaced Air@2x.png in Resources */,
				95AD7086153FA119008810F0 /* WBGT_Indoor@2x.png in Resources */,
				95AD7087153FA119008810F0 /* WBGT_Outdoor@2x.png in Resources */,
				95A739981544E00E00AE7E4E /* AIHAlogo.png in Resources */,
				95A739991544E00E00AE7E4E /* AIHAlogo@2x.png in Resources */,
				95A7399A1544E00E00AE7E4E /* calculate.png in Resources */,
				95A7399B1544E00E00AE7E4E /* calculate@2x.png in Resources */,
				95A7399C1544E00E00AE7E4E /* clear.png in Resources */,
				95A7399D1544E00E00AE7E4E /* clear@2x.png in Resources */,
				95A739A21544E00E00AE7E4E /* flow rate 1.png in Resources */,
				95A739A31544E00E00AE7E4E /* flow rate 1@2x.png in Resources */,
				95A739A41544E00E00AE7E4E /* flow rate 2.png in Resources */,
				95A739A51544E00E00AE7E4E /* flow rate 2@2x.png in Resources */,
				95A739A61544E00E00AE7E4E /* grain to gm.png in Resources */,
				95A739A71544E00E00AE7E4E /* grain to gm@2x.png in Resources */,
				95A739A81544E00E00AE7E4E /* mppcf.png in Resources */,
				95A739A91544E00E00AE7E4E /* mppcf@2x.png in Resources */,
				95A739AA1544E00E00AE7E4E /* resultBar@2x.png in Resources */,
				95A739AD1544EB2600AE7E4E /* OSHA Table.png in Resources */,
				95A739AF1544EB3600AE7E4E /* OSHA Table@2x.png in Resources */,
				228708D115587FC9000C3888 /* formula.png in Resources */,
				228708D415588A31000C3888 /* conversion.png in Resources */,
				22C042E8155DC39C00D6E9A4 /* AIHAretina.png in Resources */,
				225442C1157DA6D100633E94 /* OELmix.png in Resources */,
				225442C2157DA6D100633E94 /* OELmix@2x.png in Resources */,
				225442C4157DA90100633E94 /* From ppm.png in Resources */,
				225442C6157DA90A00633E94 /* From ppm@2x.png in Resources */,
				225442CB157DAA7200633E94 /* convertOEL 1.png in Resources */,
				225442CC157DAA7200633E94 /* convertOEL 1@2x.png in Resources */,
				225442CD157DAA7200633E94 /* convertOEL 2.png in Resources */,
				225442CE157DAA7200633E94 /* convertOEL 2@2x.png in Resources */,
				2C0AE3AF15FFC83B00641451 /* iPad_Storyboard.storyboard in Resources */,
				220173DC1612BAB1001F32CC /* AIHAlogo_iPad.png in Resources */,
			);
			runOnlyForDeploymentPostprocessing = 0;
		};
/* End PBXResourcesBuildPhase section */

/* Begin PBXSourcesBuildPhase section */
		02F8301214FBD83200A240EE /* Sources */ = {
			isa = PBXSourcesBuildPhase;
			buildActionMask = 2147483647;
			files = (
				02F8302714FBD83200A240EE /* main.m in Sources */,
				02F8302B14FBD83200A240EE /* AIHAAppDelegate.m in Sources */,
				02F8303114FBD83200A240EE /* AIHAViewController.m in Sources */,
				02F8303E14FBD8BE00A240EE /* HeatStressListViewController.m in Sources */,
				02F8304D14FBDBE900A240EE /* HeatStressManager.m in Sources */,
				02F8305014FBDF1100A240EE /* ThreeVariableViewController.m in Sources */,
				02DF6E4714FD78AF0016ABD6 /* TwoVariableViewController.m in Sources */,
				02DF6E4A14FD798C0016ABD6 /* FourVariableViewController.m in Sources */,
				0F2E9B1815003DC700A4FB1D /* NoiseManager.m in Sources */,
				0F2E9B1B15003FAC00A4FB1D /* NoiseListViewController.m in Sources */,
				0F2E9B1E15004DFD00A4FB1D /* ExposureManager.m in Sources */,
				0F2E9B2115004E1800A4FB1D /* ExposureListViewController.m in Sources */,
				32BCE4B71504809A002F1C52 /* VentilationListViewController.m in Sources */,
				32BCE4BA1504812E002F1C52 /* VentilationManager.m in Sources */,
				02622C6A1505253B003727E1 /* HeatStressTableImageViewController.m in Sources */,
				02622C761505356D003727E1 /* ConversionManager.m in Sources */,
				02622C79150535A0003727E1 /* ConversionListViewController.m in Sources */,
				023421731506BA930075260F /* formulas.m in Sources */,
				0F65F10915095B050028A6D7 /* OneVariableViewController.m in Sources */,
				0F704A5B150979370055CC32 /* CategoryManager.m in Sources */,
				02838EA7150E50940080CC57 /* FiveVariableViewController.m in Sources */,
				0F377032150FEEBA00192044 /* UIView+FindFirstResponder.m in Sources */,
				32E19060152A4A390040F800 /* TlvManager.m in Sources */,
				326B00BD152A546C0084A11C /* TLVViewController.m in Sources */,
				326B00C0152A55E70084A11C /* ConstantsViewController.m in Sources */,
				326B00C3152A56910084A11C /* ConstantsManager.m in Sources */,
				326B00C6152A57420084A11C /* FlowRateManager.m in Sources */,
				326B00C9152A57860084A11C /* FlowRateViewController.m in Sources */,
				326B00CC152A57D70084A11C /* ConcentrationViewController.m in Sources */,
				326B00CF152A58170084A11C /* ConcentrationManager.m in Sources */,
			);
			runOnlyForDeploymentPostprocessing = 0;
		};
/* End PBXSourcesBuildPhase section */

/* Begin PBXVariantGroup section */
		02F8302314FBD83200A240EE /* InfoPlist.strings */ = {
			isa = PBXVariantGroup;
			children = (
				02F8302414FBD83200A240EE /* en */,
			);
			name = InfoPlist.strings;
			sourceTree = "<group>";
		};
		02F8302C14FBD83200A240EE /* MainStoryboard.storyboard */ = {
			isa = PBXVariantGroup;
			children = (
				02F8302D14FBD83200A240EE /* en */,
			);
			name = MainStoryboard.storyboard;
			sourceTree = "<group>";
		};
/* End PBXVariantGroup section */

/* Begin XCBuildConfiguration section */
		02F8303214FBD83200A240EE /* Debug */ = {
			isa = XCBuildConfiguration;
			buildSettings = {
				ALWAYS_SEARCH_USER_PATHS = NO;
				ARCHS = "$(ARCHS_STANDARD_32_BIT)";
				CLANG_ENABLE_OBJC_ARC = YES;
				"CODE_SIGN_IDENTITY[sdk=iphoneos*]" = "iPhone Developer: Craig Sorrell (VYL5XE46K8)";
				COPY_PHASE_STRIP = NO;
				GCC_C_LANGUAGE_STANDARD = gnu99;
				GCC_DYNAMIC_NO_PIC = NO;
				GCC_OPTIMIZATION_LEVEL = 0;
				GCC_PREPROCESSOR_DEFINITIONS = (
					"DEBUG=1",
					"$(inherited)",
				);
				GCC_SYMBOLS_PRIVATE_EXTERN = NO;
				GCC_VERSION = com.apple.compilers.llvm.clang.1_0;
				GCC_WARN_ABOUT_MISSING_PROTOTYPES = YES;
				GCC_WARN_ABOUT_RETURN_TYPE = YES;
				GCC_WARN_UNUSED_VARIABLE = YES;
				IPHONEOS_DEPLOYMENT_TARGET = 5.0;
				"PROVISIONING_PROFILE[sdk=iphoneos*]" = "DD9C94E4-8976-4E8D-8C1F-F6124D42FEF3";
				SDKROOT = iphoneos;
			};
			name = Debug;
		};
		02F8303314FBD83200A240EE /* Release */ = {
			isa = XCBuildConfiguration;
			buildSettings = {
				ALWAYS_SEARCH_USER_PATHS = NO;
				ARCHS = "$(ARCHS_STANDARD_32_BIT)";
				CLANG_ENABLE_OBJC_ARC = YES;
				"CODE_SIGN_IDENTITY[sdk=iphoneos*]" = "iPhone Distribution";
				COPY_PHASE_STRIP = YES;
				GCC_C_LANGUAGE_STANDARD = gnu99;
				GCC_VERSION = com.apple.compilers.llvm.clang.1_0;
				GCC_WARN_ABOUT_MISSING_PROTOTYPES = YES;
				GCC_WARN_ABOUT_RETURN_TYPE = YES;
				GCC_WARN_UNUSED_VARIABLE = YES;
				IPHONEOS_DEPLOYMENT_TARGET = 5.0;
				OTHER_CFLAGS = "-DNS_BLOCK_ASSERTIONS=1";
				"PROVISIONING_PROFILE[sdk=iphoneos*]" = "";
				SDKROOT = iphoneos;
				VALIDATE_PRODUCT = YES;
			};
			name = Release;
		};
		02F8303514FBD83200A240EE /* Debug */ = {
			isa = XCBuildConfiguration;
			buildSettings = {
				"CODE_SIGN_IDENTITY[sdk=iphoneos*]" = "iPhone Developer";
				GCC_PRECOMPILE_PREFIX_HEADER = YES;
				GCC_PREFIX_HEADER = "CalculationsAIHA/CalculationsAIHA-Prefix.pch";
				INFOPLIST_FILE = "CalculationsAIHA/CalculationsAIHA-Info.plist";
				IPHONEOS_DEPLOYMENT_TARGET = 5.1;
				PRODUCT_NAME = "$(TARGET_NAME)";
				"PROVISIONING_PROFILE[sdk=iphoneos*]" = "";
				TARGETED_DEVICE_FAMILY = "1,2";
				WRAPPER_EXTENSION = app;
			};
			name = Debug;
		};
		02F8303614FBD83200A240EE /* Release */ = {
			isa = XCBuildConfiguration;
			buildSettings = {
				CODE_SIGN_IDENTITY = "";
				"CODE_SIGN_IDENTITY[sdk=iphoneos*]" = "iPhone Distribution";
				GCC_PRECOMPILE_PREFIX_HEADER = YES;
				GCC_PREFIX_HEADER = "CalculationsAIHA/CalculationsAIHA-Prefix.pch";
				INFOPLIST_FILE = "CalculationsAIHA/CalculationsAIHA-Info.plist";
				IPHONEOS_DEPLOYMENT_TARGET = 5.1;
				PRODUCT_NAME = "$(TARGET_NAME)";
				"PROVISIONING_PROFILE[sdk=iphoneos*]" = "";
				TARGETED_DEVICE_FAMILY = "1,2";
				WRAPPER_EXTENSION = app;
			};
			name = Release;
		};
/* End XCBuildConfiguration section */

/* Begin XCConfigurationList section */
		02F8301014FBD83200A240EE /* Build configuration list for PBXProject "CalculationsAIHA" */ = {
			isa = XCConfigurationList;
			buildConfigurations = (
				02F8303214FBD83200A240EE /* Debug */,
				02F8303314FBD83200A240EE /* Release */,
			);
			defaultConfigurationIsVisible = 0;
			defaultConfigurationName = Release;
		};
		02F8303414FBD83200A240EE /* Build configuration list for PBXNativeTarget "CalculationsAIHA" */ = {
			isa = XCConfigurationList;
			buildConfigurations = (
				02F8303514FBD83200A240EE /* Debug */,
				02F8303614FBD83200A240EE /* Release */,
			);
			defaultConfigurationIsVisible = 0;
			defaultConfigurationName = Release;
		};
/* End XCConfigurationList section */
	};
	rootObject = 02F8300D14FBD83200A240EE /* Project object */;
}
